
Microsoft Visual Studio Solution File, Format Version 12.00
# Visual Studio 15
VisualStudioVersion = 15.0.27130.2024
MinimumVisualStudioVersion = 10.0.40219.1
Project("{FAE04EC0-301F-11D3-BF4B-00C04F79EFBC}") = "c_client", "c_client\c_client.csproj", "{9B3A54DC-AD54-4F47-B615-ABC2E08A1B55}"
EndProject
Global
	GlobalSection(SolutionConfigurationPlatforms) = preSolution
		Debug|Any CPU = Debug|Any CPU
		Release|Any CPU = Release|Any CPU
	EndGlobalSection
	GlobalSection(ProjectConfigurationPlatforms) = postSolution
		{9B3A54DC-AD54-4F47-B615-ABC2E08A1B55}.Debug|Any CPU.ActiveCfg = Debug|Any CPU
		{9B3A54DC-AD54-4F47-B615-ABC2E08A1B55}.Debug|Any CPU.Build.0 = Debug|Any CPU
		{9B3A54DC-AD54-4F47-B615-ABC2E08A1B55}.Release|Any CPU.ActiveCfg = Release|Any CPU
		{9B3A54DC-AD54-4F47-B615-ABC2E08A1B55}.Release|Any CPU.Build.0 = Release|Any CPU
	EndGlobalSection
	GlobalSection(SolutionProperties) = preSolution
		HideSolutionNode = FALSE
	EndGlobalSection
	GlobalSection(ExtensibilityGlobals) = postSolution
		SolutionGuid = {54F93068-AFAB-4135-9787-4D55EAE1E4E4}
	EndGlobalSection
EndGlobal
